
Microsoft Visual Studio Solution File, Format Version 12.00
# Visual Studio 15
VisualStudioVersion = 15.0.26430.16
MinimumVisualStudioVersion = 10.0.40219.1
Project("{FAE04EC0-301F-11D3-BF4B-00C04F79EFBC}") = "EamonNet", "EamonNet\EamonNet.csproj", "{5D2E66D6-8E59-40BF-B064-C9B324891F7A}"
EndProject
Project("{FAE04EC0-301F-11D3-BF4B-00C04F79EFBC}") = "AppleTextFileConvertor", "AppleTextFileConvertor\AppleTextFileConvertor.csproj", "{00FCE56B-1DA5-47EA-B583-49B6CA40179E}"
EndProject
Global
	GlobalSection(SolutionConfigurationPlatforms) = preSolution
		Debug|Any CPU = Debug|Any CPU
		Release|Any CPU = Release|Any CPU
	EndGlobalSection
	GlobalSection(ProjectConfigurationPlatforms) = postSolution
		{5D2E66D6-8E59-40BF-B064-C9B324891F7A}.Debug|Any CPU.ActiveCfg = Debug|Any CPU
		{5D2E66D6-8E59-40BF-B064-C9B324891F7A}.Debug|Any CPU.Build.0 = Debug|Any CPU
		{5D2E66D6-8E59-40BF-B064-C9B324891F7A}.Release|Any CPU.ActiveCfg = Release|Any CPU
		{5D2E66D6-8E59-40BF-B064-C9B324891F7A}.Release|Any CPU.Build.0 = Release|Any CPU
		{00FCE56B-1DA5-47EA-B583-49B6CA40179E}.Debug|Any CPU.ActiveCfg = Debug|Any CPU
		{00FCE56B-1DA5-47EA-B583-49B6CA40179E}.Debug|Any CPU.Build.0 = Debug|Any CPU
		{00FCE56B-1DA5-47EA-B583-49B6CA40179E}.Release|Any CPU.ActiveCfg = Release|Any CPU
		{00FCE56B-1DA5-47EA-B583-49B6CA40179E}.Release|Any CPU.Build.0 = Release|Any CPU
	EndGlobalSection
	GlobalSection(SolutionProperties) = preSolution
		HideSolutionNode = FALSE
	EndGlobalSection
EndGlobal
